
Microsoft Visual Studio Solution File, Format Version 12.00
Project("{FAE04EC0-301F-11D3-BF4B-00C04F79EFBC}") = "MobileAuthMvc", "MobileAuthMvc\MobileAuthMvc.csproj", "{78FFB3DB-F4B0-4F40-AE70-56F8837B03E8}"
EndProject
Global
	GlobalSection(SolutionConfigurationPlatforms) = preSolution
		Debug|Any CPU = Debug|Any CPU
		Release|Any CPU = Release|Any CPU
	EndGlobalSection
	GlobalSection(ProjectConfigurationPlatforms) = postSolution
		{78FFB3DB-F4B0-4F40-AE70-56F8837B03E8}.Debug|Any CPU.ActiveCfg = Debug|Any CPU
		{78FFB3DB-F4B0-4F40-AE70-56F8837B03E8}.Debug|Any CPU.Build.0 = Debug|Any CPU
		{78FFB3DB-F4B0-4F40-AE70-56F8837B03E8}.Release|Any CPU.ActiveCfg = Release|Any CPU
		{78FFB3DB-F4B0-4F40-AE70-56F8837B03E8}.Release|Any CPU.Build.0 = Release|Any CPU
	EndGlobalSection
EndGlobal
